
Microsoft Visual Studio Solution File, Format Version 12.00
# Visual Studio 15
VisualStudioVersion = 15.0.28307.421
MinimumVisualStudioVersion = 10.0.40219.1
Project("{8BC9CEB8-8B4A-11D0-8D11-00A0C91BC942}") = "上台阶方案规划", "上台阶方案规划.vcxproj", "{CBE7015E-4EDD-4036-9606-5DAA0395F1F1}"
EndProject
Global
	GlobalSection(SolutionConfigurationPlatforms) = preSolution
		Debug|x64 = Debug|x64
		Debug|x86 = Debug|x86
		Release|x64 = Release|x64
		Release|x86 = Release|x86
	EndGlobalSection
	GlobalSection(ProjectConfigurationPlatforms) = postSolution
		{CBE7015E-4EDD-4036-9606-5DAA0395F1F1}.Debug|x64.ActiveCfg = Debug|x64
		{CBE7015E-4EDD-4036-9606-5DAA0395F1F1}.Debug|x64.Build.0 = Debug|x64
		{CBE7015E-4EDD-4036-9606-5DAA0395F1F1}.Debug|x86.ActiveCfg = Debug|Win32
		{CBE7015E-4EDD-4036-9606-5DAA0395F1F1}.Debug|x86.Build.0 = Debug|Win32
		{CBE7015E-4EDD-4036-9606-5DAA0395F1F1}.Release|x64.ActiveCfg = Release|x64
		{CBE7015E-4EDD-4036-9606-5DAA0395F1F1}.Release|x64.Build.0 = Release|x64
		{CBE7015E-4EDD-4036-9606-5DAA0395F1F1}.Release|x86.ActiveCfg = Release|Win32
		{CBE7015E-4EDD-4036-9606-5DAA0395F1F1}.Release|x86.Build.0 = Release|Win32
	EndGlobalSection
	GlobalSection(SolutionProperties) = preSolution
		HideSolutionNode = FALSE
	EndGlobalSection
	GlobalSection(ExtensibilityGlobals) = postSolution
		SolutionGuid = {83C19186-3442-4412-9138-4808FD2B998B}
	EndGlobalSection
EndGlobal
